
Microsoft Visual Studio Solution File, Format Version 12.00
# Visual Studio Version 17
VisualStudioVersion = 17.8.34525.116
MinimumVisualStudioVersion = 10.0.40219.1
Project("{FAE04EC0-301F-11D3-BF4B-00C04F79EFBC}") = "MarketMargoAPI", "MarketMargoAPI\MarketMargoAPI.csproj", "{B8E3D656-93F9-4166-82ED-02FF44E20D91}"
EndProject
Global
	GlobalSection(SolutionConfigurationPlatforms) = preSolution
		Debug|Any CPU = Debug|Any CPU
		Release|Any CPU = Release|Any CPU
	EndGlobalSection
	GlobalSection(ProjectConfigurationPlatforms) = postSolution
		{B8E3D656-93F9-4166-82ED-02FF44E20D91}.Debug|Any CPU.ActiveCfg = Debug|Any CPU
		{B8E3D656-93F9-4166-82ED-02FF44E20D91}.Debug|Any CPU.Build.0 = Debug|Any CPU
		{B8E3D656-93F9-4166-82ED-02FF44E20D91}.Release|Any CPU.ActiveCfg = Release|Any CPU
		{B8E3D656-93F9-4166-82ED-02FF44E20D91}.Release|Any CPU.Build.0 = Release|Any CPU
	EndGlobalSection
	GlobalSection(SolutionProperties) = preSolution
		HideSolutionNode = FALSE
	EndGlobalSection
	GlobalSection(ExtensibilityGlobals) = postSolution
		SolutionGuid = {8A7F695F-5F2E-4237-A88B-B5480D1AE735}
	EndGlobalSection
EndGlobal
